
Microsoft Visual Studio Solution File, Format Version 12.00
# Visual Studio Version 16
VisualStudioVersion = 16.0.30804.86
MinimumVisualStudioVersion = 10.0.40219.1
Project("{FAE04EC0-301F-11D3-BF4B-00C04F79EFBC}") = "TaxOffice", "TaxOffice.csproj", "{90793584-C589-4461-AECB-330726A24932}"
EndProject
Global
	GlobalSection(SolutionConfigurationPlatforms) = preSolution
		Debug|Any CPU = Debug|Any CPU
		Release|Any CPU = Release|Any CPU
	EndGlobalSection
	GlobalSection(ProjectConfigurationPlatforms) = postSolution
		{90793584-C589-4461-AECB-330726A24932}.Debug|Any CPU.ActiveCfg = Debug|Any CPU
		{90793584-C589-4461-AECB-330726A24932}.Debug|Any CPU.Build.0 = Debug|Any CPU
		{90793584-C589-4461-AECB-330726A24932}.Release|Any CPU.ActiveCfg = Release|Any CPU
		{90793584-C589-4461-AECB-330726A24932}.Release|Any CPU.Build.0 = Release|Any CPU
	EndGlobalSection
	GlobalSection(SolutionProperties) = preSolution
		HideSolutionNode = FALSE
	EndGlobalSection
	GlobalSection(ExtensibilityGlobals) = postSolution
		SolutionGuid = {F7794908-88ED-4741-9E38-0A54DDD017B5}
	EndGlobalSection
EndGlobal
